
Microsoft Visual Studio Solution File, Format Version 12.00
# Visual Studio Version 16
VisualStudioVersion = 16.0.31321.278
MinimumVisualStudioVersion = 10.0.40219.1
Project("{FAE04EC0-301F-11D3-BF4B-00C04F79EFBC}") = "TP_Serveur_CSharp_Version_Final", "TP_Serveur_CSharp_Version_Final.csproj", "{2F06EED7-E606-4312-ACC5-EFC2A43BAF16}"
EndProject
Global
	GlobalSection(SolutionConfigurationPlatforms) = preSolution
		Debug|Any CPU = Debug|Any CPU
		Release|Any CPU = Release|Any CPU
	EndGlobalSection
	GlobalSection(ProjectConfigurationPlatforms) = postSolution
		{2F06EED7-E606-4312-ACC5-EFC2A43BAF16}.Debug|Any CPU.ActiveCfg = Debug|Any CPU
		{2F06EED7-E606-4312-ACC5-EFC2A43BAF16}.Debug|Any CPU.Build.0 = Debug|Any CPU
		{2F06EED7-E606-4312-ACC5-EFC2A43BAF16}.Release|Any CPU.ActiveCfg = Release|Any CPU
		{2F06EED7-E606-4312-ACC5-EFC2A43BAF16}.Release|Any CPU.Build.0 = Release|Any CPU
	EndGlobalSection
	GlobalSection(SolutionProperties) = preSolution
		HideSolutionNode = FALSE
	EndGlobalSection
	GlobalSection(ExtensibilityGlobals) = postSolution
		SolutionGuid = {9C5135C0-4A21-4820-8A7A-C4E4D7D4FF69}
	EndGlobalSection
EndGlobal
